<?xml version="1.0" encoding="utf-8"?>
<Project ToolsVersion="4.0" xmlns="http://schemas.microsoft.com/developer/msbuild/2003">
  <ItemGroup>
    <Filter Include="Source">
      <UniqueIdentifier>{6bc8a758-8cde-4ba3-858b-ad31d352bd6c}</UniqueIdentifier>
    </Filter>
    <Filter Include="Source\Helpers">
      <UniqueIdentifier>{a433e917-2099-48fa-a062-1cbd412169d9}</UniqueIdentifier>
    </Filter>
  </ItemGroup>
  <ItemGroup>
    <ClCompile Include="..\..\main.cpp">
      <Filter>Source</Filter>
    </ClCompile>
    <ClCompile Include="..\..\Helpers\Timer.cpp">
      <Filter>Source\Helpers</Filter>
    </ClCompile>
  </ItemGroup>
  <ItemGroup>
    <ClInclude Include="..\..\Helpers\Buffer.h">
      <Filter>Source\Helpers</Filter>
    </ClInclude>
    <ClInclude Include="..\..\Helpers\Color.h">
      <Filter>Source\Helpers</Filter>
    </ClInclude>
    <ClInclude Include="..\..\Helpers\Delegate.h">
      <Filter>Source\Helpers</Filter>
    </ClInclude>
    <ClInclude Include="..\..\Helpers\Helpers.h">
      <Filter>Source\Helpers</Filter>
    </ClInclude>
    <ClInclude Include="..\..\Helpers\Matrix.h">
      <Filter>Source\Helpers</Filter>
    </ClInclude>
    <ClInclude Include="..\..\Helpers\Timer.h">
      <Filter>Source\Helpers</Filter>
    </ClInclude>
    <ClInclude Include="..\..\Helpers\Vector.h">
      <Filter>Source\Helpers</Filter>
    </ClInclude>
    <ClInclude Include="..\..\Helpers\Vector2.h">
      <Filter>Source\Helpers</Filter>
    </ClInclude>
    <ClInclude Include="..\..\Helpers\Vector4.h">
      <Filter>Source\Helpers</Filter>
    </ClInclude>
  </ItemGroup>
</Project>